
Microsoft Visual Studio Solution File, Format Version 12.00
# Visual Studio Version 17
VisualStudioVersion = 17.6.33723.286
MinimumVisualStudioVersion = 10.0.40219.1
Project("{FAE04EC0-301F-11D3-BF4B-00C04F79EFBC}") = "FesteLOC", "FesteLOC\FesteLOC.csproj", "{5A424F0A-445A-4DB5-833D-C105ECD8B854}"
EndProject
Global
	GlobalSection(SolutionConfigurationPlatforms) = preSolution
		Debug|Any CPU = Debug|Any CPU
		Release|Any CPU = Release|Any CPU
	EndGlobalSection
	GlobalSection(ProjectConfigurationPlatforms) = postSolution
		{5A424F0A-445A-4DB5-833D-C105ECD8B854}.Debug|Any CPU.ActiveCfg = Debug|Any CPU
		{5A424F0A-445A-4DB5-833D-C105ECD8B854}.Debug|Any CPU.Build.0 = Debug|Any CPU
		{5A424F0A-445A-4DB5-833D-C105ECD8B854}.Release|Any CPU.ActiveCfg = Release|Any CPU
		{5A424F0A-445A-4DB5-833D-C105ECD8B854}.Release|Any CPU.Build.0 = Release|Any CPU
	EndGlobalSection
	GlobalSection(SolutionProperties) = preSolution
		HideSolutionNode = FALSE
	EndGlobalSection
	GlobalSection(ExtensibilityGlobals) = postSolution
		SolutionGuid = {64C7B1CE-1ABE-48D5-A9C9-76A17FC9247D}
	EndGlobalSection
EndGlobal
